
Microsoft Visual Studio Solution File, Format Version 12.00
# Visual Studio 14
VisualStudioVersion = 14.0.25420.1
MinimumVisualStudioVersion = 10.0.40219.1
Project("{FAE04EC0-301F-11D3-BF4B-00C04F79EFBC}") = "Epam.Task1.Sequence", "Epam.Task1.Sequence\Epam.Task1.Sequence.csproj", "{1407E2C8-5CE9-4570-9F9F-22E9BA26E252}"
EndProject
Project("{FAE04EC0-301F-11D3-BF4B-00C04F79EFBC}") = "Epam.Task1.Simple", "Epam.Task1.Simple\Epam.Task1.Simple.csproj", "{2865FCA5-C8CC-4A8B-8191-7408CC0EF74C}"
EndProject
Project("{FAE04EC0-301F-11D3-BF4B-00C04F79EFBC}") = "Epam.Task1.Square", "Epam.Task1.Square\Epam.Task1.Square.csproj", "{68E6C917-1E1F-4450-BBA5-3D827C1D66A7}"
EndProject
Project("{FAE04EC0-301F-11D3-BF4B-00C04F79EFBC}") = "Epam.Task1_1.Rectangle", "Epam.Task1_1.Rectangle\Epam.Task1_1.Rectangle.csproj", "{3DC45BB2-128B-4F96-819A-4EFA6AC94A57}"
EndProject
Project("{FAE04EC0-301F-11D3-BF4B-00C04F79EFBC}") = "Epam.Task1_2.Triangle", "Epam.Task1_2.Triangle\Epam.Task1_2.Triangle.csproj", "{A98FD42A-5F4D-4F04-A601-E939184600AB}"
EndProject
Project("{FAE04EC0-301F-11D3-BF4B-00C04F79EFBC}") = "Epam.Task1_3.AnotherTriangle", "Epam.Task1_3.AnotherTriangle\Epam.Task1_3.AnotherTriangle.csproj", "{7F6420AA-FDF6-48FB-AD86-91D6F7D3D8A8}"
EndProject
Project("{FAE04EC0-301F-11D3-BF4B-00C04F79EFBC}") = "Epam.Task1_4.X-Mas_tree", "Epam.Task1_4.X-Mas_tree\Epam.Task1_4.X-Mas_tree.csproj", "{C9A1A4BC-4AE8-4E44-A614-87B2B06A3E24}"
EndProject
Project("{FAE04EC0-301F-11D3-BF4B-00C04F79EFBC}") = "Epam.Task1_5.Sum_of_numbers", "Epam.Task1_5.Sum_of_numbers\Epam.Task1_5.Sum_of_numbers.csproj", "{FE4F97AE-3006-481B-99A5-1A0DAFA3F861}"
EndProject
Project("{FAE04EC0-301F-11D3-BF4B-00C04F79EFBC}") = "Epam.Task1_6.Font_adjustment", "Epam.Task1_6.Font_adjustment\Epam.Task1_6.Font_adjustment.csproj", "{0AB29E05-9515-494A-9FF9-900B69143E0F}"
EndProject
Project("{FAE04EC0-301F-11D3-BF4B-00C04F79EFBC}") = "Epam.Task1_7.Array_processing", "Epam.Task1_7.Array_processing\Epam.Task1_7.Array_processing.csproj", "{6B8A5F0C-E468-413A-86E6-57E3AE58FFEE}"
EndProject
Project("{FAE04EC0-301F-11D3-BF4B-00C04F79EFBC}") = "Epam.Task1_8.No_positive", "Epam.Task1_8.No_positive\Epam.Task1_8.No_positive.csproj", "{AF556128-DC06-4E9D-AA30-C9C587D1DA71}"
EndProject
Project("{FAE04EC0-301F-11D3-BF4B-00C04F79EFBC}") = "Epam.Task1_9.Non_negative_sum", "Epam.Task1_9.Non_negative_sum\Epam.Task1_9.Non_negative_sum.csproj", "{C44F4876-682D-45B0-8368-66C688BB5604}"
EndProject
Project("{FAE04EC0-301F-11D3-BF4B-00C04F79EFBC}") = "Epam.Task1_10.2D_array", "Epam.Task1_10.2D_array\Epam.Task1_10.2D_array.csproj", "{900C9C6F-D403-4069-AA34-00D8C7AFE2A3}"
EndProject
Project("{FAE04EC0-301F-11D3-BF4B-00C04F79EFBC}") = "Epam.Task1_11.Average_string_length", "Epam.Task1_11.Average_string_length\Epam.Task1_11.Average_string_length.csproj", "{F0E1AC91-20EE-42CB-812F-5BB0E070330F}"
EndProject
Project("{FAE04EC0-301F-11D3-BF4B-00C04F79EFBC}") = "Epam.Task1_12.Char_doubler", "Epam.Task1_12.Char_doubler\Epam.Task1_12.Char_doubler.csproj", "{B3BAD059-162D-43D2-A976-04C7EED40891}"
EndProject
Project("{2150E333-8FDC-42A3-9474-1A3956D46DE8}") = "Epam.Task0", "Epam.Task0", "{8B71312C-2EA1-42C4-BC5C-399FAF5E0C51}"
EndProject
Project("{2150E333-8FDC-42A3-9474-1A3956D46DE8}") = "Epam.Task1", "Epam.Task1", "{FC6082A2-1FFD-4E7F-BF0B-44D8C90BD52E}"
EndProject
Project("{2150E333-8FDC-42A3-9474-1A3956D46DE8}") = "Epam.Task2", "Epam.Task2", "{7FAB8A7A-8E15-4822-B3A0-09AD0EF682FB}"
EndProject
Project("{FAE04EC0-301F-11D3-BF4B-00C04F79EFBC}") = "Epam.Task2.Round", "Epam.Task2.Round\Epam.Task2.Round.csproj", "{1EF20C30-A8B0-4310-A45C-FA6A8F44422D}"
EndProject
Project("{FAE04EC0-301F-11D3-BF4B-00C04F79EFBC}") = "Epam.Task2.Triangle", "Epam.Task2.Triangle\Epam.Task2.Triangle.csproj", "{CAB24945-4E06-4519-95D4-588C70A72865}"
EndProject
Project("{FAE04EC0-301F-11D3-BF4B-00C04F79EFBC}") = "Epam.Task2.User", "Epam.Task2.User\Epam.Task2.User.csproj", "{95AE064C-D201-477D-A4DA-99D705076950}"
EndProject
Project("{FAE04EC0-301F-11D3-BF4B-00C04F79EFBC}") = "Epam.Task2.MyString", "Epam.Task2.MyString\Epam.Task2.MyString.csproj", "{C5425A3C-1129-4CB4-AE16-6D4B99707FC2}"
EndProject
Project("{FAE04EC0-301F-11D3-BF4B-00C04F79EFBC}") = "Epam.Task2.Employee", "Epam.Task2.Employee\Epam.Task2.Employee.csproj", "{DA17AD72-0DFA-4DE7-AC33-F092BEC4A549}"
EndProject
Project("{FAE04EC0-301F-11D3-BF4B-00C04F79EFBC}") = "Epam.Task2.Ring", "Epam.Task2.Ring\Epam.Task2.Ring.csproj", "{7802F660-7D57-4B62-82E8-DD8507422C3A}"
EndProject
Project("{FAE04EC0-301F-11D3-BF4B-00C04F79EFBC}") = "Epam.Task2.VectorGraphicsEditor", "Epam.Task2.VectorGraphicsEditor\Epam.Task2.VectorGraphicsEditor.csproj", "{12757504-658E-4236-9112-430CFFC89A1E}"
EndProject
Project("{FAE04EC0-301F-11D3-BF4B-00C04F79EFBC}") = "Epam.Task2.Game", "Epam.Task2.Game\Epam.Task2.Game.csproj", "{EF84CA73-1A0B-420B-8C1A-CAE4E29D6003}"
EndProject
Project("{2150E333-8FDC-42A3-9474-1A3956D46DE8}") = "Epam.Task3", "Epam.Task3", "{0B4EEB3E-5105-4C4F-B5C1-3C8CE9F5DFA7}"
EndProject
Project("{FAE04EC0-301F-11D3-BF4B-00C04F79EFBC}") = "Epam.Task3.Lost", "Epam.Task3.Lost\Epam.Task3.Lost.csproj", "{BCED00AB-9E92-4690-9F1F-9041C6C4B45C}"
EndProject
Project("{FAE04EC0-301F-11D3-BF4B-00C04F79EFBC}") = "Epam.Task3.WordFrequence", "Epam.Task3.WordFrequence\Epam.Task3.WordFrequence.csproj", "{645AB253-5811-4DA2-87BE-FDDDA59551EB}"
EndProject
Project("{FAE04EC0-301F-11D3-BF4B-00C04F79EFBC}") = "Epam.Task3.DynamicArray", "Epam.Task3.DynamicArray\Epam.Task3.DynamicArray.csproj", "{E6C0CEB8-13D1-406F-A59A-F86ECB6E9A1B}"
EndProject
Project("{2150E333-8FDC-42A3-9474-1A3956D46DE8}") = "Epam.Task4", "Epam.Task4", "{FF40BB0D-B903-4D88-9E68-63FC7ED6191D}"
EndProject
Project("{FAE04EC0-301F-11D3-BF4B-00C04F79EFBC}") = "Epam.Task4.CustomSort", "Epam.Task4.CustomSort\Epam.Task4.CustomSort.csproj", "{03B070A5-2B59-4C85-B17F-4E2A0BE1819E}"
EndProject
Project("{FAE04EC0-301F-11D3-BF4B-00C04F79EFBC}") = "Epam.Task4.CustomSortDemo", "Epam.Task4.CustomSortDemo\Epam.Task4.CustomSortDemo.csproj", "{1EED72DE-D9BB-453C-AEE4-40184E355A25}"
EndProject
Project("{FAE04EC0-301F-11D3-BF4B-00C04F79EFBC}") = "Epam.Task4.NumberArraySum", "Epam.Task4.NumberArraySum\Epam.Task4.NumberArraySum.csproj", "{DAD38FD5-7411-4A61-B449-80FDDE49BD79}"
EndProject
Project("{FAE04EC0-301F-11D3-BF4B-00C04F79EFBC}") = "Epam.Task4.ToIntOrNotToInt", "Epam.Task4.ToIntOrNotToInt\Epam.Task4.ToIntOrNotToInt.csproj", "{76DD3040-8ACD-487D-9B2E-EA088B99077B}"
EndProject
Project("{FAE04EC0-301F-11D3-BF4B-00C04F79EFBC}") = "Epam.Task4.ISeekYou", "Epam.Task4.ISeekYou\Epam.Task4.ISeekYou.csproj", "{B15992FC-87B4-42C7-A0E6-DFE8C975D436}"
EndProject
Project("{FAE04EC0-301F-11D3-BF4B-00C04F79EFBC}") = "Epam.Task4.SortingUnit", "Epam.Task4.SortingUnit\Epam.Task4.SortingUnit.csproj", "{FC8F55F5-62A4-4917-B631-1DC5A6164398}"
EndProject
Project("{2150E333-8FDC-42A3-9474-1A3956D46DE8}") = "Epam.Task5", "Epam.Task5", "{94C658E9-0786-4629-96D5-0A9BE8FF908A}"
EndProject
Project("{FAE04EC0-301F-11D3-BF4B-00C04F79EFBC}") = "Epam.Task5.BackupSystem", "Epam.Task5.BackupSystem\Epam.Task5.BackupSystem.csproj", "{6A7F59D5-FE93-462F-923C-D93F41F02A1D}"
EndProject
Global
	GlobalSection(SolutionConfigurationPlatforms) = preSolution
		Debug|Any CPU = Debug|Any CPU
		Release|Any CPU = Release|Any CPU
	EndGlobalSection
	GlobalSection(ProjectConfigurationPlatforms) = postSolution
		{1407E2C8-5CE9-4570-9F9F-22E9BA26E252}.Debug|Any CPU.ActiveCfg = Debug|Any CPU
		{1407E2C8-5CE9-4570-9F9F-22E9BA26E252}.Debug|Any CPU.Build.0 = Debug|Any CPU
		{1407E2C8-5CE9-4570-9F9F-22E9BA26E252}.Release|Any CPU.ActiveCfg = Release|Any CPU
		{1407E2C8-5CE9-4570-9F9F-22E9BA26E252}.Release|Any CPU.Build.0 = Release|Any CPU
		{2865FCA5-C8CC-4A8B-8191-7408CC0EF74C}.Debug|Any CPU.ActiveCfg = Debug|Any CPU
		{2865FCA5-C8CC-4A8B-8191-7408CC0EF74C}.Debug|Any CPU.Build.0 = Debug|Any CPU
		{2865FCA5-C8CC-4A8B-8191-7408CC0EF74C}.Release|Any CPU.ActiveCfg = Release|Any CPU
		{2865FCA5-C8CC-4A8B-8191-7408CC0EF74C}.Release|Any CPU.Build.0 = Release|Any CPU
		{68E6C917-1E1F-4450-BBA5-3D827C1D66A7}.Debug|Any CPU.ActiveCfg = Debug|Any CPU
		{68E6C917-1E1F-4450-BBA5-3D827C1D66A7}.Debug|Any CPU.Build.0 = Debug|Any CPU
		{68E6C917-1E1F-4450-BBA5-3D827C1D66A7}.Release|Any CPU.ActiveCfg = Release|Any CPU
		{68E6C917-1E1F-4450-BBA5-3D827C1D66A7}.Release|Any CPU.Build.0 = Release|Any CPU
		{3DC45BB2-128B-4F96-819A-4EFA6AC94A57}.Debug|Any CPU.ActiveCfg = Debug|Any CPU
		{3DC45BB2-128B-4F96-819A-4EFA6AC94A57}.Debug|Any CPU.Build.0 = Debug|Any CPU
		{3DC45BB2-128B-4F96-819A-4EFA6AC94A57}.Release|Any CPU.ActiveCfg = Release|Any CPU
		{3DC45BB2-128B-4F96-819A-4EFA6AC94A57}.Release|Any CPU.Build.0 = Release|Any CPU
		{A98FD42A-5F4D-4F04-A601-E939184600AB}.Debug|Any CPU.ActiveCfg = Debug|Any CPU
		{A98FD42A-5F4D-4F04-A601-E939184600AB}.Debug|Any CPU.Build.0 = Debug|Any CPU
		{A98FD42A-5F4D-4F04-A601-E939184600AB}.Release|Any CPU.ActiveCfg = Release|Any CPU
		{A98FD42A-5F4D-4F04-A601-E939184600AB}.Release|Any CPU.Build.0 = Release|Any CPU
		{7F6420AA-FDF6-48FB-AD86-91D6F7D3D8A8}.Debug|Any CPU.ActiveCfg = Debug|Any CPU
		{7F6420AA-FDF6-48FB-AD86-91D6F7D3D8A8}.Debug|Any CPU.Build.0 = Debug|Any CPU
		{7F6420AA-FDF6-48FB-AD86-91D6F7D3D8A8}.Release|Any CPU.ActiveCfg = Release|Any CPU
		{7F6420AA-FDF6-48FB-AD86-91D6F7D3D8A8}.Release|Any CPU.Build.0 = Release|Any CPU
		{C9A1A4BC-4AE8-4E44-A614-87B2B06A3E24}.Debug|Any CPU.ActiveCfg = Debug|Any CPU
		{C9A1A4BC-4AE8-4E44-A614-87B2B06A3E24}.Debug|Any CPU.Build.0 = Debug|Any CPU
		{C9A1A4BC-4AE8-4E44-A614-87B2B06A3E24}.Release|Any CPU.ActiveCfg = Release|Any CPU
		{C9A1A4BC-4AE8-4E44-A614-87B2B06A3E24}.Release|Any CPU.Build.0 = Release|Any CPU
		{FE4F97AE-3006-481B-99A5-1A0DAFA3F861}.Debug|Any CPU.ActiveCfg = Debug|Any CPU
		{FE4F97AE-3006-481B-99A5-1A0DAFA3F861}.Debug|Any CPU.Build.0 = Debug|Any CPU
		{FE4F97AE-3006-481B-99A5-1A0DAFA3F861}.Release|Any CPU.ActiveCfg = Release|Any CPU
		{FE4F97AE-3006-481B-99A5-1A0DAFA3F861}.Release|Any CPU.Build.0 = Release|Any CPU
		{0AB29E05-9515-494A-9FF9-900B69143E0F}.Debug|Any CPU.ActiveCfg = Debug|Any CPU
		{0AB29E05-9515-494A-9FF9-900B69143E0F}.Debug|Any CPU.Build.0 = Debug|Any CPU
		{0AB29E05-9515-494A-9FF9-900B69143E0F}.Release|Any CPU.ActiveCfg = Release|Any CPU
		{0AB29E05-9515-494A-9FF9-900B69143E0F}.Release|Any CPU.Build.0 = Release|Any CPU
		{6B8A5F0C-E468-413A-86E6-57E3AE58FFEE}.Debug|Any CPU.ActiveCfg = Debug|Any CPU
		{6B8A5F0C-E468-413A-86E6-57E3AE58FFEE}.Debug|Any CPU.Build.0 = Debug|Any CPU
		{6B8A5F0C-E468-413A-86E6-57E3AE58FFEE}.Release|Any CPU.ActiveCfg = Release|Any CPU
		{6B8A5F0C-E468-413A-86E6-57E3AE58FFEE}.Release|Any CPU.Build.0 = Release|Any CPU
		{AF556128-DC06-4E9D-AA30-C9C587D1DA71}.Debug|Any CPU.ActiveCfg = Debug|Any CPU
		{AF556128-DC06-4E9D-AA30-C9C587D1DA71}.Debug|Any CPU.Build.0 = Debug|Any CPU
		{AF556128-DC06-4E9D-AA30-C9C587D1DA71}.Release|Any CPU.ActiveCfg = Release|Any CPU
		{AF556128-DC06-4E9D-AA30-C9C587D1DA71}.Release|Any CPU.Build.0 = Release|Any CPU
		{C44F4876-682D-45B0-8368-66C688BB5604}.Debug|Any CPU.ActiveCfg = Debug|Any CPU
		{C44F4876-682D-45B0-8368-66C688BB5604}.Debug|Any CPU.Build.0 = Debug|Any CPU
		{C44F4876-682D-45B0-8368-66C688BB5604}.Release|Any CPU.ActiveCfg = Release|Any CPU
		{C44F4876-682D-45B0-8368-66C688BB5604}.Release|Any CPU.Build.0 = Release|Any CPU
		{900C9C6F-D403-4069-AA34-00D8C7AFE2A3}.Debug|Any CPU.ActiveCfg = Debug|Any CPU
		{900C9C6F-D403-4069-AA34-00D8C7AFE2A3}.Debug|Any CPU.Build.0 = Debug|Any CPU
		{900C9C6F-D403-4069-AA34-00D8C7AFE2A3}.Release|Any CPU.ActiveCfg = Release|Any CPU
		{900C9C6F-D403-4069-AA34-00D8C7AFE2A3}.Release|Any CPU.Build.0 = Release|Any CPU
		{F0E1AC91-20EE-42CB-812F-5BB0E070330F}.Debug|Any CPU.ActiveCfg = Debug|Any CPU
		{F0E1AC91-20EE-42CB-812F-5BB0E070330F}.Debug|Any CPU.Build.0 = Debug|Any CPU
		{F0E1AC91-20EE-42CB-812F-5BB0E070330F}.Release|Any CPU.ActiveCfg = Release|Any CPU
		{F0E1AC91-20EE-42CB-812F-5BB0E070330F}.Release|Any CPU.Build.0 = Release|Any CPU
		{B3BAD059-162D-43D2-A976-04C7EED40891}.Debug|Any CPU.ActiveCfg = Debug|Any CPU
		{B3BAD059-162D-43D2-A976-04C7EED40891}.Debug|Any CPU.Build.0 = Debug|Any CPU
		{B3BAD059-162D-43D2-A976-04C7EED40891}.Release|Any CPU.ActiveCfg = Release|Any CPU
		{B3BAD059-162D-43D2-A976-04C7EED40891}.Release|Any CPU.Build.0 = Release|Any CPU
		{1EF20C30-A8B0-4310-A45C-FA6A8F44422D}.Debug|Any CPU.ActiveCfg = Debug|Any CPU
		{1EF20C30-A8B0-4310-A45C-FA6A8F44422D}.Debug|Any CPU.Build.0 = Debug|Any CPU
		{1EF20C30-A8B0-4310-A45C-FA6A8F44422D}.Release|Any CPU.ActiveCfg = Release|Any CPU
		{1EF20C30-A8B0-4310-A45C-FA6A8F44422D}.Release|Any CPU.Build.0 = Release|Any CPU
		{CAB24945-4E06-4519-95D4-588C70A72865}.Debug|Any CPU.ActiveCfg = Debug|Any CPU
		{CAB24945-4E06-4519-95D4-588C70A72865}.Debug|Any CPU.Build.0 = Debug|Any CPU
		{CAB24945-4E06-4519-95D4-588C70A72865}.Release|Any CPU.ActiveCfg = Release|Any CPU
		{CAB24945-4E06-4519-95D4-588C70A72865}.Release|Any CPU.Build.0 = Release|Any CPU
		{95AE064C-D201-477D-A4DA-99D705076950}.Debug|Any CPU.ActiveCfg = Debug|Any CPU
		{95AE064C-D201-477D-A4DA-99D705076950}.Debug|Any CPU.Build.0 = Debug|Any CPU
		{95AE064C-D201-477D-A4DA-99D705076950}.Release|Any CPU.ActiveCfg = Release|Any CPU
		{95AE064C-D201-477D-A4DA-99D705076950}.Release|Any CPU.Build.0 = Release|Any CPU
		{C5425A3C-1129-4CB4-AE16-6D4B99707FC2}.Debug|Any CPU.ActiveCfg = Debug|Any CPU
		{C5425A3C-1129-4CB4-AE16-6D4B99707FC2}.Debug|Any CPU.Build.0 = Debug|Any CPU
		{C5425A3C-1129-4CB4-AE16-6D4B99707FC2}.Release|Any CPU.ActiveCfg = Release|Any CPU
		{C5425A3C-1129-4CB4-AE16-6D4B99707FC2}.Release|Any CPU.Build.0 = Release|Any CPU
		{DA17AD72-0DFA-4DE7-AC33-F092BEC4A549}.Debug|Any CPU.ActiveCfg = Debug|Any CPU
		{DA17AD72-0DFA-4DE7-AC33-F092BEC4A549}.Debug|Any CPU.Build.0 = Debug|Any CPU
		{DA17AD72-0DFA-4DE7-AC33-F092BEC4A549}.Release|Any CPU.ActiveCfg = Release|Any CPU
		{DA17AD72-0DFA-4DE7-AC33-F092BEC4A549}.Release|Any CPU.Build.0 = Release|Any CPU
		{7802F660-7D57-4B62-82E8-DD8507422C3A}.Debug|Any CPU.ActiveCfg = Debug|Any CPU
		{7802F660-7D57-4B62-82E8-DD8507422C3A}.Debug|Any CPU.Build.0 = Debug|Any CPU
		{7802F660-7D57-4B62-82E8-DD8507422C3A}.Release|Any CPU.ActiveCfg = Release|Any CPU
		{7802F660-7D57-4B62-82E8-DD8507422C3A}.Release|Any CPU.Build.0 = Release|Any CPU
		{12757504-658E-4236-9112-430CFFC89A1E}.Debug|Any CPU.ActiveCfg = Debug|Any CPU
		{12757504-658E-4236-9112-430CFFC89A1E}.Debug|Any CPU.Build.0 = Debug|Any CPU
		{12757504-658E-4236-9112-430CFFC89A1E}.Release|Any CPU.ActiveCfg = Release|Any CPU
		{12757504-658E-4236-9112-430CFFC89A1E}.Release|Any CPU.Build.0 = Release|Any CPU
		{EF84CA73-1A0B-420B-8C1A-CAE4E29D6003}.Debug|Any CPU.ActiveCfg = Debug|Any CPU
		{EF84CA73-1A0B-420B-8C1A-CAE4E29D6003}.Debug|Any CPU.Build.0 = Debug|Any CPU
		{EF84CA73-1A0B-420B-8C1A-CAE4E29D6003}.Release|Any CPU.ActiveCfg = Release|Any CPU
		{EF84CA73-1A0B-420B-8C1A-CAE4E29D6003}.Release|Any CPU.Build.0 = Release|Any CPU
		{BCED00AB-9E92-4690-9F1F-9041C6C4B45C}.Debug|Any CPU.ActiveCfg = Debug|Any CPU
		{BCED00AB-9E92-4690-9F1F-9041C6C4B45C}.Debug|Any CPU.Build.0 = Debug|Any CPU
		{BCED00AB-9E92-4690-9F1F-9041C6C4B45C}.Release|Any CPU.ActiveCfg = Release|Any CPU
		{BCED00AB-9E92-4690-9F1F-9041C6C4B45C}.Release|Any CPU.Build.0 = Release|Any CPU
		{645AB253-5811-4DA2-87BE-FDDDA59551EB}.Debug|Any CPU.ActiveCfg = Debug|Any CPU
		{645AB253-5811-4DA2-87BE-FDDDA59551EB}.Debug|Any CPU.Build.0 = Debug|Any CPU
		{645AB253-5811-4DA2-87BE-FDDDA59551EB}.Release|Any CPU.ActiveCfg = Release|Any CPU
		{645AB253-5811-4DA2-87BE-FDDDA59551EB}.Release|Any CPU.Build.0 = Release|Any CPU
		{E6C0CEB8-13D1-406F-A59A-F86ECB6E9A1B}.Debug|Any CPU.ActiveCfg = Debug|Any CPU
		{E6C0CEB8-13D1-406F-A59A-F86ECB6E9A1B}.Debug|Any CPU.Build.0 = Debug|Any CPU
		{E6C0CEB8-13D1-406F-A59A-F86ECB6E9A1B}.Release|Any CPU.ActiveCfg = Release|Any CPU
		{E6C0CEB8-13D1-406F-A59A-F86ECB6E9A1B}.Release|Any CPU.Build.0 = Release|Any CPU
		{03B070A5-2B59-4C85-B17F-4E2A0BE1819E}.Debug|Any CPU.ActiveCfg = Debug|Any CPU
		{03B070A5-2B59-4C85-B17F-4E2A0BE1819E}.Debug|Any CPU.Build.0 = Debug|Any CPU
		{03B070A5-2B59-4C85-B17F-4E2A0BE1819E}.Release|Any CPU.ActiveCfg = Release|Any CPU
		{03B070A5-2B59-4C85-B17F-4E2A0BE1819E}.Release|Any CPU.Build.0 = Release|Any CPU
		{1EED72DE-D9BB-453C-AEE4-40184E355A25}.Debug|Any CPU.ActiveCfg = Debug|Any CPU
		{1EED72DE-D9BB-453C-AEE4-40184E355A25}.Debug|Any CPU.Build.0 = Debug|Any CPU
		{1EED72DE-D9BB-453C-AEE4-40184E355A25}.Release|Any CPU.ActiveCfg = Release|Any CPU
		{1EED72DE-D9BB-453C-AEE4-40184E355A25}.Release|Any CPU.Build.0 = Release|Any CPU
		{DAD38FD5-7411-4A61-B449-80FDDE49BD79}.Debug|Any CPU.ActiveCfg = Debug|Any CPU
		{DAD38FD5-7411-4A61-B449-80FDDE49BD79}.Debug|Any CPU.Build.0 = Debug|Any CPU
		{DAD38FD5-7411-4A61-B449-80FDDE49BD79}.Release|Any CPU.ActiveCfg = Release|Any CPU
		{DAD38FD5-7411-4A61-B449-80FDDE49BD79}.Release|Any CPU.Build.0 = Release|Any CPU
		{76DD3040-8ACD-487D-9B2E-EA088B99077B}.Debug|Any CPU.ActiveCfg = Debug|Any CPU
		{76DD3040-8ACD-487D-9B2E-EA088B99077B}.Debug|Any CPU.Build.0 = Debug|Any CPU
		{76DD3040-8ACD-487D-9B2E-EA088B99077B}.Release|Any CPU.ActiveCfg = Release|Any CPU
		{76DD3040-8ACD-487D-9B2E-EA088B99077B}.Release|Any CPU.Build.0 = Release|Any CPU
		{B15992FC-87B4-42C7-A0E6-DFE8C975D436}.Debug|Any CPU.ActiveCfg = Debug|Any CPU
		{B15992FC-87B4-42C7-A0E6-DFE8C975D436}.Debug|Any CPU.Build.0 = Debug|Any CPU
		{B15992FC-87B4-42C7-A0E6-DFE8C975D436}.Release|Any CPU.ActiveCfg = Release|Any CPU
		{B15992FC-87B4-42C7-A0E6-DFE8C975D436}.Release|Any CPU.Build.0 = Release|Any CPU
		{FC8F55F5-62A4-4917-B631-1DC5A6164398}.Debug|Any CPU.ActiveCfg = Debug|Any CPU
		{FC8F55F5-62A4-4917-B631-1DC5A6164398}.Debug|Any CPU.Build.0 = Debug|Any CPU
		{FC8F55F5-62A4-4917-B631-1DC5A6164398}.Release|Any CPU.ActiveCfg = Release|Any CPU
		{FC8F55F5-62A4-4917-B631-1DC5A6164398}.Release|Any CPU.Build.0 = Release|Any CPU
		{6A7F59D5-FE93-462F-923C-D93F41F02A1D}.Debug|Any CPU.ActiveCfg = Debug|Any CPU
		{6A7F59D5-FE93-462F-923C-D93F41F02A1D}.Debug|Any CPU.Build.0 = Debug|Any CPU
		{6A7F59D5-FE93-462F-923C-D93F41F02A1D}.Release|Any CPU.ActiveCfg = Release|Any CPU
		{6A7F59D5-FE93-462F-923C-D93F41F02A1D}.Release|Any CPU.Build.0 = Release|Any CPU
	EndGlobalSection
	GlobalSection(SolutionProperties) = preSolution
		HideSolutionNode = FALSE
	EndGlobalSection
	GlobalSection(NestedProjects) = preSolution
		{1407E2C8-5CE9-4570-9F9F-22E9BA26E252} = {8B71312C-2EA1-42C4-BC5C-399FAF5E0C51}
		{2865FCA5-C8CC-4A8B-8191-7408CC0EF74C} = {8B71312C-2EA1-42C4-BC5C-399FAF5E0C51}
		{68E6C917-1E1F-4450-BBA5-3D827C1D66A7} = {8B71312C-2EA1-42C4-BC5C-399FAF5E0C51}
		{3DC45BB2-128B-4F96-819A-4EFA6AC94A57} = {FC6082A2-1FFD-4E7F-BF0B-44D8C90BD52E}
		{A98FD42A-5F4D-4F04-A601-E939184600AB} = {FC6082A2-1FFD-4E7F-BF0B-44D8C90BD52E}
		{7F6420AA-FDF6-48FB-AD86-91D6F7D3D8A8} = {FC6082A2-1FFD-4E7F-BF0B-44D8C90BD52E}
		{C9A1A4BC-4AE8-4E44-A614-87B2B06A3E24} = {FC6082A2-1FFD-4E7F-BF0B-44D8C90BD52E}
		{FE4F97AE-3006-481B-99A5-1A0DAFA3F861} = {FC6082A2-1FFD-4E7F-BF0B-44D8C90BD52E}
		{0AB29E05-9515-494A-9FF9-900B69143E0F} = {FC6082A2-1FFD-4E7F-BF0B-44D8C90BD52E}
		{6B8A5F0C-E468-413A-86E6-57E3AE58FFEE} = {FC6082A2-1FFD-4E7F-BF0B-44D8C90BD52E}
		{AF556128-DC06-4E9D-AA30-C9C587D1DA71} = {FC6082A2-1FFD-4E7F-BF0B-44D8C90BD52E}
		{C44F4876-682D-45B0-8368-66C688BB5604} = {FC6082A2-1FFD-4E7F-BF0B-44D8C90BD52E}
		{900C9C6F-D403-4069-AA34-00D8C7AFE2A3} = {FC6082A2-1FFD-4E7F-BF0B-44D8C90BD52E}
		{F0E1AC91-20EE-42CB-812F-5BB0E070330F} = {FC6082A2-1FFD-4E7F-BF0B-44D8C90BD52E}
		{B3BAD059-162D-43D2-A976-04C7EED40891} = {FC6082A2-1FFD-4E7F-BF0B-44D8C90BD52E}
		{1EF20C30-A8B0-4310-A45C-FA6A8F44422D} = {7FAB8A7A-8E15-4822-B3A0-09AD0EF682FB}
		{CAB24945-4E06-4519-95D4-588C70A72865} = {7FAB8A7A-8E15-4822-B3A0-09AD0EF682FB}
		{95AE064C-D201-477D-A4DA-99D705076950} = {7FAB8A7A-8E15-4822-B3A0-09AD0EF682FB}
		{C5425A3C-1129-4CB4-AE16-6D4B99707FC2} = {7FAB8A7A-8E15-4822-B3A0-09AD0EF682FB}
		{DA17AD72-0DFA-4DE7-AC33-F092BEC4A549} = {7FAB8A7A-8E15-4822-B3A0-09AD0EF682FB}
		{7802F660-7D57-4B62-82E8-DD8507422C3A} = {7FAB8A7A-8E15-4822-B3A0-09AD0EF682FB}
		{12757504-658E-4236-9112-430CFFC89A1E} = {7FAB8A7A-8E15-4822-B3A0-09AD0EF682FB}
		{EF84CA73-1A0B-420B-8C1A-CAE4E29D6003} = {7FAB8A7A-8E15-4822-B3A0-09AD0EF682FB}
		{BCED00AB-9E92-4690-9F1F-9041C6C4B45C} = {0B4EEB3E-5105-4C4F-B5C1-3C8CE9F5DFA7}
		{645AB253-5811-4DA2-87BE-FDDDA59551EB} = {0B4EEB3E-5105-4C4F-B5C1-3C8CE9F5DFA7}
		{E6C0CEB8-13D1-406F-A59A-F86ECB6E9A1B} = {0B4EEB3E-5105-4C4F-B5C1-3C8CE9F5DFA7}
		{03B070A5-2B59-4C85-B17F-4E2A0BE1819E} = {FF40BB0D-B903-4D88-9E68-63FC7ED6191D}
		{1EED72DE-D9BB-453C-AEE4-40184E355A25} = {FF40BB0D-B903-4D88-9E68-63FC7ED6191D}
		{DAD38FD5-7411-4A61-B449-80FDDE49BD79} = {FF40BB0D-B903-4D88-9E68-63FC7ED6191D}
		{76DD3040-8ACD-487D-9B2E-EA088B99077B} = {FF40BB0D-B903-4D88-9E68-63FC7ED6191D}
		{B15992FC-87B4-42C7-A0E6-DFE8C975D436} = {FF40BB0D-B903-4D88-9E68-63FC7ED6191D}
		{FC8F55F5-62A4-4917-B631-1DC5A6164398} = {FF40BB0D-B903-4D88-9E68-63FC7ED6191D}
		{6A7F59D5-FE93-462F-923C-D93F41F02A1D} = {94C658E9-0786-4629-96D5-0A9BE8FF908A}
	EndGlobalSection
EndGlobal
